
Microsoft Visual Studio Solution File, Format Version 12.00
# Visual Studio Version 17
VisualStudioVersion = 17.5.002.0
MinimumVisualStudioVersion = 10.0.40219.1
Project("{9A19103F-16F7-4668-BE54-9A1E7A4F7556}") = "OpenGSQTests", "OpenGSQTests.csproj", "{560E30A0-1048-4DAF-8730-9B5290FF2560}"
EndProject
Global
	GlobalSection(SolutionConfigurationPlatforms) = preSolution
		Debug|Any CPU = Debug|Any CPU
		Release|Any CPU = Release|Any CPU
	EndGlobalSection
	GlobalSection(ProjectConfigurationPlatforms) = postSolution
		{560E30A0-1048-4DAF-8730-9B5290FF2560}.Debug|Any CPU.ActiveCfg = Debug|Any CPU
		{560E30A0-1048-4DAF-8730-9B5290FF2560}.Debug|Any CPU.Build.0 = Debug|Any CPU
		{560E30A0-1048-4DAF-8730-9B5290FF2560}.Release|Any CPU.ActiveCfg = Release|Any CPU
		{560E30A0-1048-4DAF-8730-9B5290FF2560}.Release|Any CPU.Build.0 = Release|Any CPU
	EndGlobalSection
	GlobalSection(SolutionProperties) = preSolution
		HideSolutionNode = FALSE
	EndGlobalSection
	GlobalSection(ExtensibilityGlobals) = postSolution
		SolutionGuid = {CFEBD9C5-6845-48F9-9777-FF84D82ECF54}
	EndGlobalSection
EndGlobal
